
Microsoft Visual Studio Solution File, Format Version 12.00
# Visual Studio Version 17
VisualStudioVersion = 17.8.34309.116
MinimumVisualStudioVersion = 10.0.40219.1
Project("{FAE04EC0-301F-11D3-BF4B-00C04F79EFBC}") = "Sally -Task1", "Sally -Task1\Sally -Task1.csproj", "{62F23EBF-1E52-44D3-8DE4-2B01E08A3480}"
EndProject
Global
	GlobalSection(SolutionConfigurationPlatforms) = preSolution
		Debug|Any CPU = Debug|Any CPU
		Release|Any CPU = Release|Any CPU
	EndGlobalSection
	GlobalSection(ProjectConfigurationPlatforms) = postSolution
		{62F23EBF-1E52-44D3-8DE4-2B01E08A3480}.Debug|Any CPU.ActiveCfg = Debug|Any CPU
		{62F23EBF-1E52-44D3-8DE4-2B01E08A3480}.Debug|Any CPU.Build.0 = Debug|Any CPU
		{62F23EBF-1E52-44D3-8DE4-2B01E08A3480}.Release|Any CPU.ActiveCfg = Release|Any CPU
		{62F23EBF-1E52-44D3-8DE4-2B01E08A3480}.Release|Any CPU.Build.0 = Release|Any CPU
	EndGlobalSection
	GlobalSection(SolutionProperties) = preSolution
		HideSolutionNode = FALSE
	EndGlobalSection
	GlobalSection(ExtensibilityGlobals) = postSolution
		SolutionGuid = {02606732-B7C4-40FB-900E-1D8591241DBA}
	EndGlobalSection
EndGlobal
